
Microsoft Visual Studio Solution File, Format Version 12.00
# Visual Studio 14
VisualStudioVersion = 14.0.25420.1
MinimumVisualStudioVersion = 10.0.40219.1
Project("{159641D6-6404-4A2A-AE62-294DE0FE8301}") = "WPD_INV_REMIT", "WPD_INV_REMIT\WPD_INV_REMIT.dtproj", "{F983A98B-6832-4BD4-8736-D0725B0A4251}"
EndProject
Global
	GlobalSection(SolutionConfigurationPlatforms) = preSolution
		Development|Default = Development|Default
	EndGlobalSection
	GlobalSection(ProjectConfigurationPlatforms) = postSolution
		{F983A98B-6832-4BD4-8736-D0725B0A4251}.Development|Default.ActiveCfg = Development
		{F983A98B-6832-4BD4-8736-D0725B0A4251}.Development|Default.Build.0 = Development
	EndGlobalSection
	GlobalSection(SolutionProperties) = preSolution
		HideSolutionNode = FALSE
	EndGlobalSection
EndGlobal
