
Microsoft Visual Studio Solution File, Format Version 11.00
# Visual Studio 2010
Project("{159641D6-6404-4A2A-AE62-294DE0FE8301}") = "TWM_JOB_UPDATE_NEW_COMMENT", "TWM_JOB_UPDATE_NEW_COMMENT\TWM_JOB_UPDATE_NEW_COMMENT.dtproj", "{2CEE3F58-4F6D-4EB2-A354-E709741A1E33}"
EndProject
Global
	GlobalSection(SourceCodeControl) = preSolution
		SccNumberOfProjects = 2
		SccLocalPath0 = .
		SccProjectUniqueName1 = TWM_JOB_UPDATE_NEW_COMMENT\\TWM_JOB_UPDATE_NEW_COMMENT.dtproj
		SccLocalPath1 = .
		SccProjectFilePathRelativizedFromConnection1 = TWM_JOB_UPDATE_NEW_COMMENT\\
	EndGlobalSection
	GlobalSection(SolutionConfigurationPlatforms) = preSolution
		Development|Default = Development|Default
	EndGlobalSection
	GlobalSection(ProjectConfigurationPlatforms) = postSolution
		{2CEE3F58-4F6D-4EB2-A354-E709741A1E33}.Development|Default.ActiveCfg = Development
		{2CEE3F58-4F6D-4EB2-A354-E709741A1E33}.Development|Default.Build.0 = Development
	EndGlobalSection
	GlobalSection(SolutionProperties) = preSolution
		HideSolutionNode = FALSE
	EndGlobalSection
EndGlobal
